
Microsoft Visual Studio Solution File, Format Version 12.00
# Visual Studio Version 17
VisualStudioVersion = 17.2.32317.152
MinimumVisualStudioVersion = 10.0.40219.1
Project("{FAE04EC0-301F-11D3-BF4B-00C04F79EFBC}") = "ShopOnline.Web", "ShopOnline.Web\ShopOnline.Web.csproj", "{A9701A74-C00A-4546-89EE-6B073948E741}"
EndProject
Project("{FAE04EC0-301F-11D3-BF4B-00C04F79EFBC}") = "ShopOnlineAPI", "ShopOnlineAPI\ShopOnlineAPI.csproj", "{5DD96A40-64FF-4ECE-830F-652E8090CD82}"
EndProject
Project("{FAE04EC0-301F-11D3-BF4B-00C04F79EFBC}") = "ShopOnline.Models", "ShopOnline.Models\ShopOnline.Models.csproj", "{B9A8EABE-534E-436E-86EE-A913546F9D5C}"
EndProject
Global
	GlobalSection(SolutionConfigurationPlatforms) = preSolution
		Debug|Any CPU = Debug|Any CPU
		Release|Any CPU = Release|Any CPU
	EndGlobalSection
	GlobalSection(ProjectConfigurationPlatforms) = postSolution
		{A9701A74-C00A-4546-89EE-6B073948E741}.Debug|Any CPU.ActiveCfg = Debug|Any CPU
		{A9701A74-C00A-4546-89EE-6B073948E741}.Debug|Any CPU.Build.0 = Debug|Any CPU
		{A9701A74-C00A-4546-89EE-6B073948E741}.Release|Any CPU.ActiveCfg = Release|Any CPU
		{A9701A74-C00A-4546-89EE-6B073948E741}.Release|Any CPU.Build.0 = Release|Any CPU
		{5DD96A40-64FF-4ECE-830F-652E8090CD82}.Debug|Any CPU.ActiveCfg = Debug|Any CPU
		{5DD96A40-64FF-4ECE-830F-652E8090CD82}.Debug|Any CPU.Build.0 = Debug|Any CPU
		{5DD96A40-64FF-4ECE-830F-652E8090CD82}.Release|Any CPU.ActiveCfg = Release|Any CPU
		{5DD96A40-64FF-4ECE-830F-652E8090CD82}.Release|Any CPU.Build.0 = Release|Any CPU
		{B9A8EABE-534E-436E-86EE-A913546F9D5C}.Debug|Any CPU.ActiveCfg = Debug|Any CPU
		{B9A8EABE-534E-436E-86EE-A913546F9D5C}.Debug|Any CPU.Build.0 = Debug|Any CPU
		{B9A8EABE-534E-436E-86EE-A913546F9D5C}.Release|Any CPU.ActiveCfg = Release|Any CPU
		{B9A8EABE-534E-436E-86EE-A913546F9D5C}.Release|Any CPU.Build.0 = Release|Any CPU
	EndGlobalSection
	GlobalSection(SolutionProperties) = preSolution
		HideSolutionNode = FALSE
	EndGlobalSection
	GlobalSection(ExtensibilityGlobals) = postSolution
		SolutionGuid = {54348AF5-5530-42E6-B593-1FDEB458C8FD}
	EndGlobalSection
EndGlobal
